
Microsoft Visual Studio Solution File, Format Version 12.00
# Visual Studio Version 16
VisualStudioVersion = 16.0.31424.327
MinimumVisualStudioVersion = 10.0.40219.1
Project("{2150E333-8FDC-42A3-9474-1A3956D46DE8}") = "src", "src", "{982A8F8B-30FC-4DA7-B977-D0826F08B038}"
EndProject
Project("{FAE04EC0-301F-11D3-BF4B-00C04F79EFBC}") = "Gomoku.Application", "src\Gomoku.Application\Gomoku.Application.csproj", "{35E5DD77-07AD-4875-8E03-9CD72073A79B}"
EndProject
Project("{FAE04EC0-301F-11D3-BF4B-00C04F79EFBC}") = "Gomoku.Application.Contracts", "src\Gomoku.Application.Contracts\Gomoku.Application.Contracts.csproj", "{A1EFBE5C-7050-45A5-ACF2-4A04BF190882}"
EndProject
Project("{FAE04EC0-301F-11D3-BF4B-00C04F79EFBC}") = "Gomoku.Domain", "src\Gomoku.Domain\Gomoku.Domain.csproj", "{F2A4AE44-1088-461C-8ED0-E90C1EA256C2}"
EndProject
Project("{FAE04EC0-301F-11D3-BF4B-00C04F79EFBC}") = "Gomoku.Domain.Shared", "src\Gomoku.Domain.Shared\Gomoku.Domain.Shared.csproj", "{67F9779A-3194-4E6A-84E6-2747C70CA07F}"
EndProject
Project("{FAE04EC0-301F-11D3-BF4B-00C04F79EFBC}") = "Gomoku.Helpers", "src\Gomoku.Helpers\Gomoku.Helpers.csproj", "{D58069EC-6075-4769-84FF-D1885AB9E57C}"
EndProject
Project("{FAE04EC0-301F-11D3-BF4B-00C04F79EFBC}") = "Gomoku.ConsoleApp", "src\Gomoku.ConsoleApp\Gomoku.ConsoleApp.csproj", "{0496BF38-BE0A-41B7-A43F-6DE313E841CF}"
EndProject
Project("{FAE04EC0-301F-11D3-BF4B-00C04F79EFBC}") = "Gomoku.ApplicationTests", "test\Gomoku.ApplicationTests\Gomoku.ApplicationTests.csproj", "{73DDADD8-5033-4022-BB99-CCF69080B080}"
EndProject
Project("{2150E333-8FDC-42A3-9474-1A3956D46DE8}") = "test", "test", "{3DBB0E55-B9C5-4CCB-97F9-CE39F303C12E}"
EndProject
Global
	GlobalSection(SolutionConfigurationPlatforms) = preSolution
		Debug|Any CPU = Debug|Any CPU
		Release|Any CPU = Release|Any CPU
	EndGlobalSection
	GlobalSection(ProjectConfigurationPlatforms) = postSolution
		{35E5DD77-07AD-4875-8E03-9CD72073A79B}.Debug|Any CPU.ActiveCfg = Debug|Any CPU
		{35E5DD77-07AD-4875-8E03-9CD72073A79B}.Debug|Any CPU.Build.0 = Debug|Any CPU
		{35E5DD77-07AD-4875-8E03-9CD72073A79B}.Release|Any CPU.ActiveCfg = Release|Any CPU
		{35E5DD77-07AD-4875-8E03-9CD72073A79B}.Release|Any CPU.Build.0 = Release|Any CPU
		{A1EFBE5C-7050-45A5-ACF2-4A04BF190882}.Debug|Any CPU.ActiveCfg = Debug|Any CPU
		{A1EFBE5C-7050-45A5-ACF2-4A04BF190882}.Debug|Any CPU.Build.0 = Debug|Any CPU
		{A1EFBE5C-7050-45A5-ACF2-4A04BF190882}.Release|Any CPU.ActiveCfg = Release|Any CPU
		{A1EFBE5C-7050-45A5-ACF2-4A04BF190882}.Release|Any CPU.Build.0 = Release|Any CPU
		{F2A4AE44-1088-461C-8ED0-E90C1EA256C2}.Debug|Any CPU.ActiveCfg = Debug|Any CPU
		{F2A4AE44-1088-461C-8ED0-E90C1EA256C2}.Debug|Any CPU.Build.0 = Debug|Any CPU
		{F2A4AE44-1088-461C-8ED0-E90C1EA256C2}.Release|Any CPU.ActiveCfg = Release|Any CPU
		{F2A4AE44-1088-461C-8ED0-E90C1EA256C2}.Release|Any CPU.Build.0 = Release|Any CPU
		{67F9779A-3194-4E6A-84E6-2747C70CA07F}.Debug|Any CPU.ActiveCfg = Debug|Any CPU
		{67F9779A-3194-4E6A-84E6-2747C70CA07F}.Debug|Any CPU.Build.0 = Debug|Any CPU
		{67F9779A-3194-4E6A-84E6-2747C70CA07F}.Release|Any CPU.ActiveCfg = Release|Any CPU
		{67F9779A-3194-4E6A-84E6-2747C70CA07F}.Release|Any CPU.Build.0 = Release|Any CPU
		{D58069EC-6075-4769-84FF-D1885AB9E57C}.Debug|Any CPU.ActiveCfg = Debug|Any CPU
		{D58069EC-6075-4769-84FF-D1885AB9E57C}.Debug|Any CPU.Build.0 = Debug|Any CPU
		{D58069EC-6075-4769-84FF-D1885AB9E57C}.Release|Any CPU.ActiveCfg = Release|Any CPU
		{D58069EC-6075-4769-84FF-D1885AB9E57C}.Release|Any CPU.Build.0 = Release|Any CPU
		{0496BF38-BE0A-41B7-A43F-6DE313E841CF}.Debug|Any CPU.ActiveCfg = Debug|Any CPU
		{0496BF38-BE0A-41B7-A43F-6DE313E841CF}.Debug|Any CPU.Build.0 = Debug|Any CPU
		{0496BF38-BE0A-41B7-A43F-6DE313E841CF}.Release|Any CPU.ActiveCfg = Release|Any CPU
		{0496BF38-BE0A-41B7-A43F-6DE313E841CF}.Release|Any CPU.Build.0 = Release|Any CPU
		{73DDADD8-5033-4022-BB99-CCF69080B080}.Debug|Any CPU.ActiveCfg = Debug|Any CPU
		{73DDADD8-5033-4022-BB99-CCF69080B080}.Debug|Any CPU.Build.0 = Debug|Any CPU
		{73DDADD8-5033-4022-BB99-CCF69080B080}.Release|Any CPU.ActiveCfg = Release|Any CPU
		{73DDADD8-5033-4022-BB99-CCF69080B080}.Release|Any CPU.Build.0 = Release|Any CPU
	EndGlobalSection
	GlobalSection(SolutionProperties) = preSolution
		HideSolutionNode = FALSE
	EndGlobalSection
	GlobalSection(NestedProjects) = preSolution
		{35E5DD77-07AD-4875-8E03-9CD72073A79B} = {982A8F8B-30FC-4DA7-B977-D0826F08B038}
		{A1EFBE5C-7050-45A5-ACF2-4A04BF190882} = {982A8F8B-30FC-4DA7-B977-D0826F08B038}
		{F2A4AE44-1088-461C-8ED0-E90C1EA256C2} = {982A8F8B-30FC-4DA7-B977-D0826F08B038}
		{67F9779A-3194-4E6A-84E6-2747C70CA07F} = {982A8F8B-30FC-4DA7-B977-D0826F08B038}
		{D58069EC-6075-4769-84FF-D1885AB9E57C} = {982A8F8B-30FC-4DA7-B977-D0826F08B038}
		{0496BF38-BE0A-41B7-A43F-6DE313E841CF} = {982A8F8B-30FC-4DA7-B977-D0826F08B038}
		{73DDADD8-5033-4022-BB99-CCF69080B080} = {3DBB0E55-B9C5-4CCB-97F9-CE39F303C12E}
	EndGlobalSection
	GlobalSection(ExtensibilityGlobals) = postSolution
		SolutionGuid = {66114522-B95A-40D6-9B62-2AF71FC107E8}
	EndGlobalSection
EndGlobal
